
Microsoft Visual Studio Solution File, Format Version 12.00
# Visual Studio Version 17
VisualStudioVersion = 17.1.32228.430
MinimumVisualStudioVersion = 10.0.40219.1
Project("{FAE04EC0-301F-11D3-BF4B-00C04F79EFBC}") = "CompareXML", "CompareXML\CompareXML.csproj", "{4D9F6FD3-3106-4783-BB83-C3EEE1510116}"
EndProject
Global
	GlobalSection(SolutionConfigurationPlatforms) = preSolution
		Debug|Any CPU = Debug|Any CPU
		Release|Any CPU = Release|Any CPU
	EndGlobalSection
	GlobalSection(ProjectConfigurationPlatforms) = postSolution
		{4D9F6FD3-3106-4783-BB83-C3EEE1510116}.Debug|Any CPU.ActiveCfg = Debug|Any CPU
		{4D9F6FD3-3106-4783-BB83-C3EEE1510116}.Debug|Any CPU.Build.0 = Debug|Any CPU
		{4D9F6FD3-3106-4783-BB83-C3EEE1510116}.Release|Any CPU.ActiveCfg = Release|Any CPU
		{4D9F6FD3-3106-4783-BB83-C3EEE1510116}.Release|Any CPU.Build.0 = Release|Any CPU
	EndGlobalSection
	GlobalSection(SolutionProperties) = preSolution
		HideSolutionNode = FALSE
	EndGlobalSection
	GlobalSection(ExtensibilityGlobals) = postSolution
		SolutionGuid = {1046CEC8-8AAB-4CB5-83C6-D9988E3D4315}
	EndGlobalSection
EndGlobal
